
Microsoft Visual Studio Solution File, Format Version 11.00
# Visual Studio 2010
Project("{FAE04EC0-301F-11D3-BF4B-00C04F79EFBC}") = "SurviveTheSerpent", "SurviveTheSerpent\SurviveTheSerpent\SurviveTheSerpent.csproj", "{DFC241A1-6A11-4F00-8C08-41D210E62EDD}"
EndProject
Project("{96E2B04D-8817-42C6-938A-82C39BA4D311}") = "SurviveTheSerpentContent", "SurviveTheSerpent\SurviveTheSerpentContent\SurviveTheSerpentContent.contentproj", "{A1408F8A-E37D-4E29-B938-3B6BFC2C0F9D}"
EndProject
Global
	GlobalSection(SolutionConfigurationPlatforms) = preSolution
		Debug|Windows Phone = Debug|Windows Phone
		Release|Windows Phone = Release|Windows Phone
	EndGlobalSection
	GlobalSection(ProjectConfigurationPlatforms) = postSolution
		{DFC241A1-6A11-4F00-8C08-41D210E62EDD}.Debug|Windows Phone.ActiveCfg = Debug|Windows Phone
		{DFC241A1-6A11-4F00-8C08-41D210E62EDD}.Debug|Windows Phone.Build.0 = Debug|Windows Phone
		{DFC241A1-6A11-4F00-8C08-41D210E62EDD}.Debug|Windows Phone.Deploy.0 = Debug|Windows Phone
		{DFC241A1-6A11-4F00-8C08-41D210E62EDD}.Release|Windows Phone.ActiveCfg = Release|Windows Phone
		{DFC241A1-6A11-4F00-8C08-41D210E62EDD}.Release|Windows Phone.Build.0 = Release|Windows Phone
		{DFC241A1-6A11-4F00-8C08-41D210E62EDD}.Release|Windows Phone.Deploy.0 = Release|Windows Phone
		{A1408F8A-E37D-4E29-B938-3B6BFC2C0F9D}.Debug|Windows Phone.ActiveCfg = Debug|Windows Phone
		{A1408F8A-E37D-4E29-B938-3B6BFC2C0F9D}.Release|Windows Phone.ActiveCfg = Release|Windows Phone
	EndGlobalSection
	GlobalSection(SolutionProperties) = preSolution
		HideSolutionNode = FALSE
	EndGlobalSection
EndGlobal
